
Microsoft Visual Studio Solution File, Format Version 12.00
# Visual Studio 15
VisualStudioVersion = 15.0.26730.12
MinimumVisualStudioVersion = 10.0.40219.1
Project("{9A19103F-16F7-4668-BE54-9A1E7A4F7556}") = "RSSBot", "RSSBot\RSSBot.csproj", "{180F4D5B-8156-481C-8CC4-656D2F79E9D2}"
EndProject
Global
	GlobalSection(SolutionConfigurationPlatforms) = preSolution
		Debug|Any CPU = Debug|Any CPU
		Debug|x64 = Debug|x64
		Debug|x86 = Debug|x86
		Release|Any CPU = Release|Any CPU
		Release|x64 = Release|x64
		Release|x86 = Release|x86
	EndGlobalSection
	GlobalSection(ProjectConfigurationPlatforms) = postSolution
		{180F4D5B-8156-481C-8CC4-656D2F79E9D2}.Debug|Any CPU.ActiveCfg = Debug|Any CPU
		{180F4D5B-8156-481C-8CC4-656D2F79E9D2}.Debug|Any CPU.Build.0 = Debug|Any CPU
		{180F4D5B-8156-481C-8CC4-656D2F79E9D2}.Debug|x64.ActiveCfg = Debug|Any CPU
		{180F4D5B-8156-481C-8CC4-656D2F79E9D2}.Debug|x64.Build.0 = Debug|Any CPU
		{180F4D5B-8156-481C-8CC4-656D2F79E9D2}.Debug|x86.ActiveCfg = Debug|Any CPU
		{180F4D5B-8156-481C-8CC4-656D2F79E9D2}.Debug|x86.Build.0 = Debug|Any CPU
		{180F4D5B-8156-481C-8CC4-656D2F79E9D2}.Release|Any CPU.ActiveCfg = Release|Any CPU
		{180F4D5B-8156-481C-8CC4-656D2F79E9D2}.Release|Any CPU.Build.0 = Release|Any CPU
		{180F4D5B-8156-481C-8CC4-656D2F79E9D2}.Release|x64.ActiveCfg = Release|Any CPU
		{180F4D5B-8156-481C-8CC4-656D2F79E9D2}.Release|x64.Build.0 = Release|Any CPU
		{180F4D5B-8156-481C-8CC4-656D2F79E9D2}.Release|x86.ActiveCfg = Release|Any CPU
		{180F4D5B-8156-481C-8CC4-656D2F79E9D2}.Release|x86.Build.0 = Release|Any CPU
	EndGlobalSection
	GlobalSection(SolutionProperties) = preSolution
		HideSolutionNode = FALSE
	EndGlobalSection
	GlobalSection(ExtensibilityGlobals) = postSolution
		SolutionGuid = {F7DE0BC9-DD15-4EA7-8608-6062A56F1F94}
	EndGlobalSection
EndGlobal
